
Microsoft Visual Studio Solution File, Format Version 12.00
# Visual Studio Version 17
VisualStudioVersion = 17.14.36109.1 d17.14
MinimumVisualStudioVersion = 10.0.40219.1
Project("{FAE04EC0-301F-11D3-BF4B-00C04F79EFBC}") = "GraKosci", "GraKosci\GraKosci.csproj", "{78CBD7AA-B5D9-4B65-9AD0-B9A2385A1798}"
EndProject
Global
	GlobalSection(SolutionConfigurationPlatforms) = preSolution
		Debug|Any CPU = Debug|Any CPU
		Release|Any CPU = Release|Any CPU
	EndGlobalSection
	GlobalSection(ProjectConfigurationPlatforms) = postSolution
		{78CBD7AA-B5D9-4B65-9AD0-B9A2385A1798}.Debug|Any CPU.ActiveCfg = Debug|Any CPU
		{78CBD7AA-B5D9-4B65-9AD0-B9A2385A1798}.Debug|Any CPU.Build.0 = Debug|Any CPU
		{78CBD7AA-B5D9-4B65-9AD0-B9A2385A1798}.Release|Any CPU.ActiveCfg = Release|Any CPU
		{78CBD7AA-B5D9-4B65-9AD0-B9A2385A1798}.Release|Any CPU.Build.0 = Release|Any CPU
	EndGlobalSection
	GlobalSection(SolutionProperties) = preSolution
		HideSolutionNode = FALSE
	EndGlobalSection
	GlobalSection(ExtensibilityGlobals) = postSolution
		SolutionGuid = {5CE2A7F6-4643-4E77-AC81-6E83BFA17CD3}
	EndGlobalSection
EndGlobal
